
Microsoft Visual Studio Solution File, Format Version 12.00
# Visual Studio Version 17
VisualStudioVersion = 17.5.33530.505
MinimumVisualStudioVersion = 10.0.40219.1
Project("{FAE04EC0-301F-11D3-BF4B-00C04F79EFBC}") = "Lecture3 colabo", "Lecture3 colabo.csproj", "{7482DA7A-E394-41E0-9D2E-7C870A6248A2}"
EndProject
Global
	GlobalSection(SolutionConfigurationPlatforms) = preSolution
		Debug|Any CPU = Debug|Any CPU
		Release|Any CPU = Release|Any CPU
	EndGlobalSection
	GlobalSection(ProjectConfigurationPlatforms) = postSolution
		{7482DA7A-E394-41E0-9D2E-7C870A6248A2}.Debug|Any CPU.ActiveCfg = Debug|Any CPU
		{7482DA7A-E394-41E0-9D2E-7C870A6248A2}.Debug|Any CPU.Build.0 = Debug|Any CPU
		{7482DA7A-E394-41E0-9D2E-7C870A6248A2}.Release|Any CPU.ActiveCfg = Release|Any CPU
		{7482DA7A-E394-41E0-9D2E-7C870A6248A2}.Release|Any CPU.Build.0 = Release|Any CPU
	EndGlobalSection
	GlobalSection(SolutionProperties) = preSolution
		HideSolutionNode = FALSE
	EndGlobalSection
	GlobalSection(ExtensibilityGlobals) = postSolution
		SolutionGuid = {6D215E47-68C4-4479-942F-4050FCD60DE1}
	EndGlobalSection
EndGlobal
